# THIS IS AN AUTOGENERATED FILE. DO NOT EDIT THIS FILE DIRECTLY.
# yarn lockfile v1


"@babel/helper-string-parser@^7.22.5":
  version "7.22.5"
  resolved "https://registry.yarnpkg.com/@babel/helper-string-parser/-/helper-string-parser-7.22.5.tgz#533f36457a25814cf1df6488523ad547d784a99f"
  integrity sha512-mM4COjgZox8U+JcXQwPijIZLElkgEpO5rsERVDJTc2qfCDfERyob6k5WegS14SX18IIjv+XD+GrqNumY5JRCDw==

"@babel/helper-validator-identifier@^7.22.5":
  version "7.22.5"
  resolved "https://registry.yarnpkg.com/@babel/helper-validator-identifier/-/helper-validator-identifier-7.22.5.tgz#9544ef6a33999343c8740fa51350f30eeaaaf193"
  integrity sha512-aJXu+6lErq8ltp+JhkJUfk1MTGyuA4v7f3pA+BJ5HLfNC6nAQ0Cpi9uOquUj8Hehg0aUiHzWQbOVJGao6ztBAQ==

"@babel/parser@^7.20.15", "@babel/parser@^7.21.3":
  version "7.22.5"
  resolved "https://registry.yarnpkg.com/@babel/parser/-/parser-7.22.5.tgz#721fd042f3ce1896238cf1b341c77eb7dee7dbea"
  integrity sha512-DFZMC9LJUG9PLOclRC32G63UXwzqS2koQC8dkx+PLdmt1xSePYpbT/NbsrJy8Q/muXz7o/h/d4A7Fuyixm559Q==

"@babel/types@^7.21.4":
  version "7.22.5"
  resolved "https://registry.yarnpkg.com/@babel/types/-/types-7.22.5.tgz#cd93eeaab025880a3a47ec881f4b096a5b786fbe"
  integrity sha512-zo3MIHGOkPOfoRXitsgHLjEXmlDaD/5KU1Uzuc9GNiZPhSqVxVRtxuPaSBZDsYZ9qV88AjtMtWW7ww98loJ9KA==
  dependencies:
    "@babel/helper-string-parser" "^7.22.5"
    "@babel/helper-validator-identifier" "^7.22.5"
    to-fast-properties "^2.0.0"

"@esbuild/aix-ppc64@0.21.5":
  version "0.21.5"
  resolved "https://registry.yarnpkg.com/@esbuild/aix-ppc64/-/aix-ppc64-0.21.5.tgz#c7184a326533fcdf1b8ee0733e21c713b975575f"
  integrity sha512-1SDgH6ZSPTlggy1yI6+Dbkiz8xzpHJEVAlF/AM1tHPLsf5STom9rwtjE4hKAF20FfXXNTFqEYXyJNWh1GiZedQ==

"@esbuild/android-arm64@0.21.5":
  version "0.21.5"
  resolved "https://registry.yarnpkg.com/@esbuild/android-arm64/-/android-arm64-0.21.5.tgz#09d9b4357780da9ea3a7dfb833a1f1ff439b4052"
  integrity sha512-c0uX9VAUBQ7dTDCjq+wdyGLowMdtR/GoC2U5IYk/7D1H1JYC0qseD7+11iMP2mRLN9RcCMRcjC4YMclCzGwS/A==

"@esbuild/android-arm@0.21.5":
  version "0.21.5"
  resolved "https://registry.yarnpkg.com/@esbuild/android-arm/-/android-arm-0.21.5.tgz#9b04384fb771926dfa6d7ad04324ecb2ab9b2e28"
  integrity sha512-vCPvzSjpPHEi1siZdlvAlsPxXl7WbOVUBBAowWug4rJHb68Ox8KualB+1ocNvT5fjv6wpkX6o/iEpbDrf68zcg==

"@esbuild/android-x64@0.21.5":
  version "0.21.5"
  resolved "https://registry.yarnpkg.com/@esbuild/android-x64/-/android-x64-0.21.5.tgz#29918ec2db754cedcb6c1b04de8cd6547af6461e"
  integrity sha512-D7aPRUUNHRBwHxzxRvp856rjUHRFW1SdQATKXH2hqA0kAZb1hKmi02OpYRacl0TxIGz/ZmXWlbZgjwWYaCakTA==

"@esbuild/darwin-arm64@0.21.5":
  version "0.21.5"
  resolved "https://registry.yarnpkg.com/@esbuild/darwin-arm64/-/darwin-arm64-0.21.5.tgz#e495b539660e51690f3928af50a76fb0a6ccff2a"
  integrity sha512-DwqXqZyuk5AiWWf3UfLiRDJ5EDd49zg6O9wclZ7kUMv2WRFr4HKjXp/5t8JZ11QbQfUS6/cRCKGwYhtNAY88kQ==

"@esbuild/darwin-x64@0.21.5":
  version "0.21.5"
  resolved "https://registry.yarnpkg.com/@esbuild/darwin-x64/-/darwin-x64-0.21.5.tgz#c13838fa57372839abdddc91d71542ceea2e1e22"
  integrity sha512-se/JjF8NlmKVG4kNIuyWMV/22ZaerB+qaSi5MdrXtd6R08kvs2qCN4C09miupktDitvh8jRFflwGFBQcxZRjbw==

"@esbuild/freebsd-arm64@0.21.5":
  version "0.21.5"
  resolved "https://registry.yarnpkg.com/@esbuild/freebsd-arm64/-/freebsd-arm64-0.21.5.tgz#646b989aa20bf89fd071dd5dbfad69a3542e550e"
  integrity sha512-5JcRxxRDUJLX8JXp/wcBCy3pENnCgBR9bN6JsY4OmhfUtIHe3ZW0mawA7+RDAcMLrMIZaf03NlQiX9DGyB8h4g==

"@esbuild/freebsd-x64@0.21.5":
  version "0.21.5"
  resolved "https://registry.yarnpkg.com/@esbuild/freebsd-x64/-/freebsd-x64-0.21.5.tgz#aa615cfc80af954d3458906e38ca22c18cf5c261"
  integrity sha512-J95kNBj1zkbMXtHVH29bBriQygMXqoVQOQYA+ISs0/2l3T9/kj42ow2mpqerRBxDJnmkUDCaQT/dfNXWX/ZZCQ==

"@esbuild/linux-arm64@0.21.5":
  version "0.21.5"
  resolved "https://registry.yarnpkg.com/@esbuild/linux-arm64/-/linux-arm64-0.21.5.tgz#70ac6fa14f5cb7e1f7f887bcffb680ad09922b5b"
  integrity sha512-ibKvmyYzKsBeX8d8I7MH/TMfWDXBF3db4qM6sy+7re0YXya+K1cem3on9XgdT2EQGMu4hQyZhan7TeQ8XkGp4Q==

"@esbuild/linux-arm@0.21.5":
  version "0.21.5"
  resolved "https://registry.yarnpkg.com/@esbuild/linux-arm/-/linux-arm-0.21.5.tgz#fc6fd11a8aca56c1f6f3894f2bea0479f8f626b9"
  integrity sha512-bPb5AHZtbeNGjCKVZ9UGqGwo8EUu4cLq68E95A53KlxAPRmUyYv2D6F0uUI65XisGOL1hBP5mTronbgo+0bFcA==

"@esbuild/linux-ia32@0.21.5":
  version "0.21.5"
  resolved "https://registry.yarnpkg.com/@esbuild/linux-ia32/-/linux-ia32-0.21.5.tgz#3271f53b3f93e3d093d518d1649d6d68d346ede2"
  integrity sha512-YvjXDqLRqPDl2dvRODYmmhz4rPeVKYvppfGYKSNGdyZkA01046pLWyRKKI3ax8fbJoK5QbxblURkwK/MWY18Tg==

"@esbuild/linux-loong64@0.21.5":
  version "0.21.5"
  resolved "https://registry.yarnpkg.com/@esbuild/linux-loong64/-/linux-loong64-0.21.5.tgz#ed62e04238c57026aea831c5a130b73c0f9f26df"
  integrity sha512-uHf1BmMG8qEvzdrzAqg2SIG/02+4/DHB6a9Kbya0XDvwDEKCoC8ZRWI5JJvNdUjtciBGFQ5PuBlpEOXQj+JQSg==

"@esbuild/linux-mips64el@0.21.5":
  version "0.21.5"
  resolved "https://registry.yarnpkg.com/@esbuild/linux-mips64el/-/linux-mips64el-0.21.5.tgz#e79b8eb48bf3b106fadec1ac8240fb97b4e64cbe"
  integrity sha512-IajOmO+KJK23bj52dFSNCMsz1QP1DqM6cwLUv3W1QwyxkyIWecfafnI555fvSGqEKwjMXVLokcV5ygHW5b3Jbg==

"@esbuild/linux-ppc64@0.21.5":
  version "0.21.5"
  resolved "https://registry.yarnpkg.com/@esbuild/linux-ppc64/-/linux-ppc64-0.21.5.tgz#5f2203860a143b9919d383ef7573521fb154c3e4"
  integrity sha512-1hHV/Z4OEfMwpLO8rp7CvlhBDnjsC3CttJXIhBi+5Aj5r+MBvy4egg7wCbe//hSsT+RvDAG7s81tAvpL2XAE4w==

"@esbuild/linux-riscv64@0.21.5":
  version "0.21.5"
  resolved "https://registry.yarnpkg.com/@esbuild/linux-riscv64/-/linux-riscv64-0.21.5.tgz#07bcafd99322d5af62f618cb9e6a9b7f4bb825dc"
  integrity sha512-2HdXDMd9GMgTGrPWnJzP2ALSokE/0O5HhTUvWIbD3YdjME8JwvSCnNGBnTThKGEB91OZhzrJ4qIIxk/SBmyDDA==

"@esbuild/linux-s390x@0.21.5":
  version "0.21.5"
  resolved "https://registry.yarnpkg.com/@esbuild/linux-s390x/-/linux-s390x-0.21.5.tgz#b7ccf686751d6a3e44b8627ababc8be3ef62d8de"
  integrity sha512-zus5sxzqBJD3eXxwvjN1yQkRepANgxE9lgOW2qLnmr8ikMTphkjgXu1HR01K4FJg8h1kEEDAqDcZQtbrRnB41A==

"@esbuild/linux-x64@0.21.5":
  version "0.21.5"
  resolved "https://registry.yarnpkg.com/@esbuild/linux-x64/-/linux-x64-0.21.5.tgz#6d8f0c768e070e64309af8004bb94e68ab2bb3b0"
  integrity sha512-1rYdTpyv03iycF1+BhzrzQJCdOuAOtaqHTWJZCWvijKD2N5Xu0TtVC8/+1faWqcP9iBCWOmjmhoH94dH82BxPQ==

"@esbuild/netbsd-x64@0.21.5":
  version "0.21.5"
  resolved "https://registry.yarnpkg.com/@esbuild/netbsd-x64/-/netbsd-x64-0.21.5.tgz#bbe430f60d378ecb88decb219c602667387a6047"
  integrity sha512-Woi2MXzXjMULccIwMnLciyZH4nCIMpWQAs049KEeMvOcNADVxo0UBIQPfSmxB3CWKedngg7sWZdLvLczpe0tLg==

"@esbuild/openbsd-x64@0.21.5":
  version "0.21.5"
  resolved "https://registry.yarnpkg.com/@esbuild/openbsd-x64/-/openbsd-x64-0.21.5.tgz#99d1cf2937279560d2104821f5ccce220cb2af70"
  integrity sha512-HLNNw99xsvx12lFBUwoT8EVCsSvRNDVxNpjZ7bPn947b8gJPzeHWyNVhFsaerc0n3TsbOINvRP2byTZ5LKezow==

"@esbuild/sunos-x64@0.21.5":
  version "0.21.5"
  resolved "https://registry.yarnpkg.com/@esbuild/sunos-x64/-/sunos-x64-0.21.5.tgz#08741512c10d529566baba837b4fe052c8f3487b"
  integrity sha512-6+gjmFpfy0BHU5Tpptkuh8+uw3mnrvgs+dSPQXQOv3ekbordwnzTVEb4qnIvQcYXq6gzkyTnoZ9dZG+D4garKg==

"@esbuild/win32-arm64@0.21.5":
  version "0.21.5"
  resolved "https://registry.yarnpkg.com/@esbuild/win32-arm64/-/win32-arm64-0.21.5.tgz#675b7385398411240735016144ab2e99a60fc75d"
  integrity sha512-Z0gOTd75VvXqyq7nsl93zwahcTROgqvuAcYDUr+vOv8uHhNSKROyU961kgtCD1e95IqPKSQKH7tBTslnS3tA8A==

"@esbuild/win32-ia32@0.21.5":
  version "0.21.5"
  resolved "https://registry.yarnpkg.com/@esbuild/win32-ia32/-/win32-ia32-0.21.5.tgz#1bfc3ce98aa6ca9a0969e4d2af72144c59c1193b"
  integrity sha512-SWXFF1CL2RVNMaVs+BBClwtfZSvDgtL//G/smwAc5oVK/UPu2Gu9tIaRgFmYFFKrmg3SyAjSrElf0TiJ1v8fYA==

"@esbuild/win32-x64@0.21.5":
  version "0.21.5"
  resolved "https://registry.yarnpkg.com/@esbuild/win32-x64/-/win32-x64-0.21.5.tgz#acad351d582d157bb145535db2a6ff53dd514b5c"
  integrity sha512-tQd/1efJuzPC6rCFwEvLtci/xNFcTZknmXs98FYDfGE4wP9ClFV98nyKrzJKVPMhdDnjzLhdUyMX4PsQAPjwIw==

"@jridgewell/sourcemap-codec@^1.4.13":
  version "1.4.15"
  resolved "https://registry.yarnpkg.com/@jridgewell/sourcemap-codec/-/sourcemap-codec-1.4.15.tgz#d7c6e6755c78567a951e04ab52ef0fd26de59f32"
  integrity sha512-eF2rxCRulEKXHTRiDrDy6erMYWqNw4LPdQ8UQA4huuxaQsVeRPFl2oM8oDGxMFhJUWZf9McpLtJasDDZb/Bpeg==

"@mdi/font@7.0.96":
  version "7.0.96"
  resolved "https://registry.yarnpkg.com/@mdi/font/-/font-7.0.96.tgz#9853c222623072f5575b4039c8c195ea929b61fc"
  integrity sha512-rzlxTfR64hqY8yiBzDjmANfcd8rv+T5C0Yedv/TWk2QyAQYdc66e0kaN1ipmnYU3RukHRTRcBARHzzm+tIhL7w==

"@rollup/rollup-android-arm-eabi@4.50.1":
  version "4.50.1"
  resolved "https://registry.yarnpkg.com/@rollup/rollup-android-arm-eabi/-/rollup-android-arm-eabi-4.50.1.tgz#7d41dc45adcfcb272504ebcea9c8a5b2c659e963"
  integrity sha512-HJXwzoZN4eYTdD8bVV22DN8gsPCAj3V20NHKOs8ezfXanGpmVPR7kalUHd+Y31IJp9stdB87VKPFbsGY3H/2ag==

"@rollup/rollup-android-arm64@4.50.1":
  version "4.50.1"
  resolved "https://registry.yarnpkg.com/@rollup/rollup-android-arm64/-/rollup-android-arm64-4.50.1.tgz#6c708fae2c9755e994c42d56c34a94cb77020650"
  integrity sha512-PZlsJVcjHfcH53mOImyt3bc97Ep3FJDXRpk9sMdGX0qgLmY0EIWxCag6EigerGhLVuL8lDVYNnSo8qnTElO4xw==

"@rollup/rollup-darwin-arm64@4.50.1":
  version "4.50.1"
  resolved "https://registry.yarnpkg.com/@rollup/rollup-darwin-arm64/-/rollup-darwin-arm64-4.50.1.tgz#85ccf92ab114e434c83037a175923a525635cbb4"
  integrity sha512-xc6i2AuWh++oGi4ylOFPmzJOEeAa2lJeGUGb4MudOtgfyyjr4UPNK+eEWTPLvmPJIY/pgw6ssFIox23SyrkkJw==

"@rollup/rollup-darwin-x64@4.50.1":
  version "4.50.1"
  resolved "https://registry.yarnpkg.com/@rollup/rollup-darwin-x64/-/rollup-darwin-x64-4.50.1.tgz#0af089f3d658d05573208dabb3a392b44d7f4630"
  integrity sha512-2ofU89lEpDYhdLAbRdeyz/kX3Y2lpYc6ShRnDjY35bZhd2ipuDMDi6ZTQ9NIag94K28nFMofdnKeHR7BT0CATw==

"@rollup/rollup-freebsd-arm64@4.50.1":
  version "4.50.1"
  resolved "https://registry.yarnpkg.com/@rollup/rollup-freebsd-arm64/-/rollup-freebsd-arm64-4.50.1.tgz#46c22a16d18180e99686647543335567221caa9c"
  integrity sha512-wOsE6H2u6PxsHY/BeFHA4VGQN3KUJFZp7QJBmDYI983fgxq5Th8FDkVuERb2l9vDMs1D5XhOrhBrnqcEY6l8ZA==

"@rollup/rollup-freebsd-x64@4.50.1":
  version "4.50.1"
  resolved "https://registry.yarnpkg.com/@rollup/rollup-freebsd-x64/-/rollup-freebsd-x64-4.50.1.tgz#819ffef2f81891c266456952962a13110c8e28b5"
  integrity sha512-A/xeqaHTlKbQggxCqispFAcNjycpUEHP52mwMQZUNqDUJFFYtPHCXS1VAG29uMlDzIVr+i00tSFWFLivMcoIBQ==

"@rollup/rollup-linux-arm-gnueabihf@4.50.1":
  version "4.50.1"
  resolved "https://registry.yarnpkg.com/@rollup/rollup-linux-arm-gnueabihf/-/rollup-linux-arm-gnueabihf-4.50.1.tgz#7fe283c14793e607e653a3214b09f8973f08262a"
  integrity sha512-54v4okehwl5TaSIkpp97rAHGp7t3ghinRd/vyC1iXqXMfjYUTm7TfYmCzXDoHUPTTf36L8pr0E7YsD3CfB3ZDg==

"@rollup/rollup-linux-arm-musleabihf@4.50.1":
  version "4.50.1"
  resolved "https://registry.yarnpkg.com/@rollup/rollup-linux-arm-musleabihf/-/rollup-linux-arm-musleabihf-4.50.1.tgz#066e92eb22ea30560414ec800a6d119ba0b435ac"
  integrity sha512-p/LaFyajPN/0PUHjv8TNyxLiA7RwmDoVY3flXHPSzqrGcIp/c2FjwPPP5++u87DGHtw+5kSH5bCJz0mvXngYxw==

"@rollup/rollup-linux-arm64-gnu@4.50.1":
  version "4.50.1"
  resolved "https://registry.yarnpkg.com/@rollup/rollup-linux-arm64-gnu/-/rollup-linux-arm64-gnu-4.50.1.tgz#480d518ea99a8d97b2a174c46cd55164f138cc37"
  integrity sha512-2AbMhFFkTo6Ptna1zO7kAXXDLi7H9fGTbVaIq2AAYO7yzcAsuTNWPHhb2aTA6GPiP+JXh85Y8CiS54iZoj4opw==

"@rollup/rollup-linux-arm64-musl@4.50.1":
  version "4.50.1"
  resolved "https://registry.yarnpkg.com/@rollup/rollup-linux-arm64-musl/-/rollup-linux-arm64-musl-4.50.1.tgz#ed7db3b8999b60dd20009ddf71c95f3af49423c8"
  integrity sha512-Cgef+5aZwuvesQNw9eX7g19FfKX5/pQRIyhoXLCiBOrWopjo7ycfB292TX9MDcDijiuIJlx1IzJz3IoCPfqs9w==

"@rollup/rollup-linux-loongarch64-gnu@4.50.1":
  version "4.50.1"
  resolved "https://registry.yarnpkg.com/@rollup/rollup-linux-loongarch64-gnu/-/rollup-linux-loongarch64-gnu-4.50.1.tgz#16a6927a35f5dbc505ff874a4e1459610c0c6f46"
  integrity sha512-RPhTwWMzpYYrHrJAS7CmpdtHNKtt2Ueo+BlLBjfZEhYBhK00OsEqM08/7f+eohiF6poe0YRDDd8nAvwtE/Y62Q==

"@rollup/rollup-linux-ppc64-gnu@4.50.1":
  version "4.50.1"
  resolved "https://registry.yarnpkg.com/@rollup/rollup-linux-ppc64-gnu/-/rollup-linux-ppc64-gnu-4.50.1.tgz#a006700469be0041846c45b494c35754e6a04eea"
  integrity sha512-eSGMVQw9iekut62O7eBdbiccRguuDgiPMsw++BVUg+1K7WjZXHOg/YOT9SWMzPZA+w98G+Fa1VqJgHZOHHnY0Q==

"@rollup/rollup-linux-riscv64-gnu@4.50.1":
  version "4.50.1"
  resolved "https://registry.yarnpkg.com/@rollup/rollup-linux-riscv64-gnu/-/rollup-linux-riscv64-gnu-4.50.1.tgz#0fcc45b2ec8a0e54218ca48849ea6d596f53649c"
  integrity sha512-S208ojx8a4ciIPrLgazF6AgdcNJzQE4+S9rsmOmDJkusvctii+ZvEuIC4v/xFqzbuP8yDjn73oBlNDgF6YGSXQ==

"@rollup/rollup-linux-riscv64-musl@4.50.1":
  version "4.50.1"
  resolved "https://registry.yarnpkg.com/@rollup/rollup-linux-riscv64-musl/-/rollup-linux-riscv64-musl-4.50.1.tgz#d6e617eec9fe6f5859ee13fad435a16c42b469f2"
  integrity sha512-3Ag8Ls1ggqkGUvSZWYcdgFwriy2lWo+0QlYgEFra/5JGtAd6C5Hw59oojx1DeqcA2Wds2ayRgvJ4qxVTzCHgzg==

"@rollup/rollup-linux-s390x-gnu@4.50.1":
  version "4.50.1"
  resolved "https://registry.yarnpkg.com/@rollup/rollup-linux-s390x-gnu/-/rollup-linux-s390x-gnu-4.50.1.tgz#b147760d63c6f35b4b18e6a25a2a760dd3ea0c05"
  integrity sha512-t9YrKfaxCYe7l7ldFERE1BRg/4TATxIg+YieHQ966jwvo7ddHJxPj9cNFWLAzhkVsbBvNA4qTbPVNsZKBO4NSg==

"@rollup/rollup-linux-x64-gnu@4.50.1":
  version "4.50.1"
  resolved "https://registry.yarnpkg.com/@rollup/rollup-linux-x64-gnu/-/rollup-linux-x64-gnu-4.50.1.tgz#fc0be1da374f85e7e85dccaf1ff12d7cfc9fbe3d"
  integrity sha512-MCgtFB2+SVNuQmmjHf+wfI4CMxy3Tk8XjA5Z//A0AKD7QXUYFMQcns91K6dEHBvZPCnhJSyDWLApk40Iq/H3tA==

"@rollup/rollup-linux-x64-musl@4.50.1":
  version "4.50.1"
  resolved "https://registry.yarnpkg.com/@rollup/rollup-linux-x64-musl/-/rollup-linux-x64-musl-4.50.1.tgz#54c79932e0f9a3c992b034c82325be3bcde0d067"
  integrity sha512-nEvqG+0jeRmqaUMuwzlfMKwcIVffy/9KGbAGyoa26iu6eSngAYQ512bMXuqqPrlTyfqdlB9FVINs93j534UJrg==

"@rollup/rollup-openharmony-arm64@4.50.1":
  version "4.50.1"
  resolved "https://registry.yarnpkg.com/@rollup/rollup-openharmony-arm64/-/rollup-openharmony-arm64-4.50.1.tgz#fc48e74d413623ac02c1d521bec3e5e784488fdc"
  integrity sha512-RDsLm+phmT3MJd9SNxA9MNuEAO/J2fhW8GXk62G/B4G7sLVumNFbRwDL6v5NrESb48k+QMqdGbHgEtfU0LCpbA==

"@rollup/rollup-win32-arm64-msvc@4.50.1":
  version "4.50.1"
  resolved "https://registry.yarnpkg.com/@rollup/rollup-win32-arm64-msvc/-/rollup-win32-arm64-msvc-4.50.1.tgz#8ce3d1181644406362cf1e62c90e88ab083e02bb"
  integrity sha512-hpZB/TImk2FlAFAIsoElM3tLzq57uxnGYwplg6WDyAxbYczSi8O2eQ+H2Lx74504rwKtZ3N2g4bCUkiamzS6TQ==

"@rollup/rollup-win32-ia32-msvc@4.50.1":
  version "4.50.1"
  resolved "https://registry.yarnpkg.com/@rollup/rollup-win32-ia32-msvc/-/rollup-win32-ia32-msvc-4.50.1.tgz#dd2dfc896eac4b2689d55f01c6d51c249263f805"
  integrity sha512-SXjv8JlbzKM0fTJidX4eVsH+Wmnp0/WcD8gJxIZyR6Gay5Qcsmdbi9zVtnbkGPG8v2vMR1AD06lGWy5FLMcG7A==

"@rollup/rollup-win32-x64-msvc@4.50.1":
  version "4.50.1"
  resolved "https://registry.yarnpkg.com/@rollup/rollup-win32-x64-msvc/-/rollup-win32-x64-msvc-4.50.1.tgz#13f758c97b9fbbac56b6928547a3ff384e7cfb3e"
  integrity sha512-StxAO/8ts62KZVRAm4JZYq9+NqNsV7RvimNK+YM7ry//zebEH6meuugqW/P5OFUCjyQgui+9fUxT6d5NShvMvA==

"@types/estree@1.0.8":
  version "1.0.8"
  resolved "https://registry.yarnpkg.com/@types/estree/-/estree-1.0.8.tgz#958b91c991b1867ced318bedea0e215ee050726e"
  integrity sha512-dWHzHa2WqEXI/O1E9OjrocMTKJl2mSrEolh1Iomrv6U+JuNwaHXsXx9bLu5gG7BUWFIN0skIQJQ/L1rIex4X6w==

"@types/node@^18.15.0":
  version "18.16.18"
  resolved "https://registry.yarnpkg.com/@types/node/-/node-18.16.18.tgz#85da09bafb66d4bc14f7c899185336d0c1736390"
  integrity sha512-/aNaQZD0+iSBAGnvvN2Cx92HqE5sZCPZtx2TsK+4nvV23fFe09jVDvpArXr2j9DnYlzuU9WuoykDDc6wqvpNcw==

"@types/webfontloader@^1.6.35":
  version "1.6.35"
  resolved "https://registry.yarnpkg.com/@types/webfontloader/-/webfontloader-1.6.35.tgz#c9cedff2995c61ee9b2064714e7f7d7763ac50bd"
  integrity sha512-IJlrsiDWq6KghQ7tPlL5tcwSUyOxLDceT+AFUY7Ylj0Fcv3/h3QkANqQxZ0B5mEpEKxhTw76vDmvrruSMV9n9Q==

"@vitejs/plugin-vue@^4.0.0":
  version "4.2.3"
  resolved "https://registry.yarnpkg.com/@vitejs/plugin-vue/-/plugin-vue-4.2.3.tgz#ee0b6dfcc62fe65364e6395bf38fa2ba10bb44b6"
  integrity sha512-R6JDUfiZbJA9cMiguQ7jxALsgiprjBeHL5ikpXfJCH62pPHtI+JdJ5xWj6Ev73yXSlYl86+blXn1kZHQ7uElxw==

"@volar/language-core@1.7.8":
  version "1.7.8"
  resolved "https://registry.yarnpkg.com/@volar/language-core/-/language-core-1.7.8.tgz#88e33fda749ecb1ecb28c031027d45e778b8cd5f"
  integrity sha512-TPklg4c2e/f1xB/MGZEiQc3AWG+dH64ZfBlYjFB8nNaWJt4Z4k+IHBhmaP52APG+5PHFerwiWI9oF002RrRTPA==
  dependencies:
    "@volar/source-map" "1.7.8"

"@volar/source-map@1.7.8":
  version "1.7.8"
  resolved "https://registry.yarnpkg.com/@volar/source-map/-/source-map-1.7.8.tgz#46710f1d1e948e8009993595b70670e3ee4bfc1d"
  integrity sha512-g2dtC2kOghvfzMDWeODIo4HO1Ml4hxzPTZyAFDz+YhRF9HjZYJSCaWaVuPZ+z0kY+T2daOHYA10GdrWQ5q0teA==
  dependencies:
    muggle-string "^0.3.1"

"@volar/typescript@1.7.8":
  version "1.7.8"
  resolved "https://registry.yarnpkg.com/@volar/typescript/-/typescript-1.7.8.tgz#6997b3c7637292a6dc6e4a3737e45f3c4e49ef12"
  integrity sha512-NDcI5ZQcdr8kgxzMQrhSSWIM8Tl0MbMFrkvJPTjfm2rdAQZPFT8zv3LrEW9Fqh0e9z2YbCry7jr4a/GShBqeDA==
  dependencies:
    "@volar/language-core" "1.7.8"

"@vue/compiler-core@3.3.4":
  version "3.3.4"
  resolved "https://registry.yarnpkg.com/@vue/compiler-core/-/compiler-core-3.3.4.tgz#7fbf591c1c19e1acd28ffd284526e98b4f581128"
  integrity sha512-cquyDNvZ6jTbf/+x+AgM2Arrp6G4Dzbb0R64jiG804HRMfRiFXWI6kqUVqZ6ZR0bQhIoQjB4+2bhNtVwndW15g==
  dependencies:
    "@babel/parser" "^7.21.3"
    "@vue/shared" "3.3.4"
    estree-walker "^2.0.2"
    source-map-js "^1.0.2"

"@vue/compiler-dom@3.3.4", "@vue/compiler-dom@^3.3.0":
  version "3.3.4"
  resolved "https://registry.yarnpkg.com/@vue/compiler-dom/-/compiler-dom-3.3.4.tgz#f56e09b5f4d7dc350f981784de9713d823341151"
  integrity sha512-wyM+OjOVpuUukIq6p5+nwHYtj9cFroz9cwkfmP9O1nzH68BenTTv0u7/ndggT8cIQlnBeOo6sUT/gvHcIkLA5w==
  dependencies:
    "@vue/compiler-core" "3.3.4"
    "@vue/shared" "3.3.4"

"@vue/compiler-sfc@3.3.4":
  version "3.3.4"
  resolved "https://registry.yarnpkg.com/@vue/compiler-sfc/-/compiler-sfc-3.3.4.tgz#b19d942c71938893535b46226d602720593001df"
  integrity sha512-6y/d8uw+5TkCuzBkgLS0v3lSM3hJDntFEiUORM11pQ/hKvkhSKZrXW6i69UyXlJQisJxuUEJKAWEqWbWsLeNKQ==
  dependencies:
    "@babel/parser" "^7.20.15"
    "@vue/compiler-core" "3.3.4"
    "@vue/compiler-dom" "3.3.4"
    "@vue/compiler-ssr" "3.3.4"
    "@vue/reactivity-transform" "3.3.4"
    "@vue/shared" "3.3.4"
    estree-walker "^2.0.2"
    magic-string "^0.30.0"
    postcss "^8.1.10"
    source-map-js "^1.0.2"

"@vue/compiler-ssr@3.3.4":
  version "3.3.4"
  resolved "https://registry.yarnpkg.com/@vue/compiler-ssr/-/compiler-ssr-3.3.4.tgz#9d1379abffa4f2b0cd844174ceec4a9721138777"
  integrity sha512-m0v6oKpup2nMSehwA6Uuu+j+wEwcy7QmwMkVNVfrV9P2qE5KshC6RwOCq8fjGS/Eak/uNb8AaWekfiXxbBB6gQ==
  dependencies:
    "@vue/compiler-dom" "3.3.4"
    "@vue/shared" "3.3.4"

"@vue/language-core@1.8.1":
  version "1.8.1"
  resolved "https://registry.yarnpkg.com/@vue/language-core/-/language-core-1.8.1.tgz#86b709f803bcc0cab84fd14677c0fb909154c562"
  integrity sha512-pumv3k4J7P58hVh4YGRM9Qz3HaAr4TlFWM9bnVOkZ/2K9o2CK1lAP2y9Jw+Z0+mNL4F2uWQqnAPzj3seLyfpDA==
  dependencies:
    "@volar/language-core" "1.7.8"
    "@volar/source-map" "1.7.8"
    "@vue/compiler-dom" "^3.3.0"
    "@vue/reactivity" "^3.3.0"
    "@vue/shared" "^3.3.0"
    minimatch "^9.0.0"
    muggle-string "^0.3.1"
    vue-template-compiler "^2.7.14"

"@vue/reactivity-transform@3.3.4":
  version "3.3.4"
  resolved "https://registry.yarnpkg.com/@vue/reactivity-transform/-/reactivity-transform-3.3.4.tgz#52908476e34d6a65c6c21cd2722d41ed8ae51929"
  integrity sha512-MXgwjako4nu5WFLAjpBnCj/ieqcjE2aJBINUNQzkZQfzIZA4xn+0fV1tIYBJvvva3N3OvKGofRLvQIwEQPpaXw==
  dependencies:
    "@babel/parser" "^7.20.15"
    "@vue/compiler-core" "3.3.4"
    "@vue/shared" "3.3.4"
    estree-walker "^2.0.2"
    magic-string "^0.30.0"

"@vue/reactivity@3.3.4", "@vue/reactivity@^3.3.0":
  version "3.3.4"
  resolved "https://registry.yarnpkg.com/@vue/reactivity/-/reactivity-3.3.4.tgz#a27a29c6cd17faba5a0e99fbb86ee951653e2253"
  integrity sha512-kLTDLwd0B1jG08NBF3R5rqULtv/f8x3rOFByTDz4J53ttIQEDmALqKqXY0J+XQeN0aV2FBxY8nJDf88yvOPAqQ==
  dependencies:
    "@vue/shared" "3.3.4"

"@vue/runtime-core@3.3.4":
  version "3.3.4"
  resolved "https://registry.yarnpkg.com/@vue/runtime-core/-/runtime-core-3.3.4.tgz#4bb33872bbb583721b340f3088888394195967d1"
  integrity sha512-R+bqxMN6pWO7zGI4OMlmvePOdP2c93GsHFM/siJI7O2nxFRzj55pLwkpCedEY+bTMgp5miZ8CxfIZo3S+gFqvA==
  dependencies:
    "@vue/reactivity" "3.3.4"
    "@vue/shared" "3.3.4"

"@vue/runtime-dom@3.3.4":
  version "3.3.4"
  resolved "https://registry.yarnpkg.com/@vue/runtime-dom/-/runtime-dom-3.3.4.tgz#992f2579d0ed6ce961f47bbe9bfe4b6791251566"
  integrity sha512-Aj5bTJ3u5sFsUckRghsNjVTtxZQ1OyMWCr5dZRAPijF/0Vy4xEoRCwLyHXcj4D0UFbJ4lbx3gPTgg06K/GnPnQ==
  dependencies:
    "@vue/runtime-core" "3.3.4"
    "@vue/shared" "3.3.4"
    csstype "^3.1.1"

"@vue/server-renderer@3.3.4":
  version "3.3.4"
  resolved "https://registry.yarnpkg.com/@vue/server-renderer/-/server-renderer-3.3.4.tgz#ea46594b795d1536f29bc592dd0f6655f7ea4c4c"
  integrity sha512-Q6jDDzR23ViIb67v+vM1Dqntu+HUexQcsWKhhQa4ARVzxOY2HbC7QRW/ggkDBd5BU+uM1sV6XOAP0b216o34JQ==
  dependencies:
    "@vue/compiler-ssr" "3.3.4"
    "@vue/shared" "3.3.4"

"@vue/shared@3.3.4", "@vue/shared@^3.3.0":
  version "3.3.4"
  resolved "https://registry.yarnpkg.com/@vue/shared/-/shared-3.3.4.tgz#06e83c5027f464eef861c329be81454bc8b70780"
  integrity sha512-7OjdcV8vQ74eiz1TZLzZP4JwqM5fA94K6yntPS5Z25r9HDuGNzaGdgvwKYq6S+MxwF0TFRwe50fIR/MYnakdkQ==

"@vue/typescript@1.8.1":
  version "1.8.1"
  resolved "https://registry.yarnpkg.com/@vue/typescript/-/typescript-1.8.1.tgz#2302f3cc8330e8dd91982eecd64d71ee11198cb0"
  integrity sha512-nQpo55j/roie8heCfqyXHnyayqD5+p4/0fzfxH4ZuHf7NSBQS791PNv7ztp2CCOjnGAiaiCMdtC9rc6oriyPUg==
  dependencies:
    "@volar/typescript" "1.7.8"
    "@vue/language-core" "1.8.1"

"@vuetify/loader-shared@^1.7.1":
  version "1.7.1"
  resolved "https://registry.yarnpkg.com/@vuetify/loader-shared/-/loader-shared-1.7.1.tgz#0f63a3d41b6df29a2db1ff438aa1819b237c37a3"
  integrity sha512-kLUvuAed6RCvkeeTNJzuy14pqnkur8lTuner7v7pNE/kVhPR97TuyXwBSBMR1cJeiLiOfu6SF5XlCYbXByEx1g==
  dependencies:
    find-cache-dir "^3.3.2"
    upath "^2.0.1"

balanced-match@^1.0.0:
  version "1.0.2"
  resolved "https://registry.yarnpkg.com/balanced-match/-/balanced-match-1.0.2.tgz#e83e3a7e3f300b34cb9d87f615fa0cbf357690ee"
  integrity sha512-3oSeUO0TMV67hN1AmbXsK4yaqU7tjiHlbxRDZOpH0KW9+CeX4bRAaX0Anxt0tx2MrpRpWwQaPwIlISEJhYU5Pw==

brace-expansion@^2.0.1:
  version "2.0.1"
  resolved "https://registry.yarnpkg.com/brace-expansion/-/brace-expansion-2.0.1.tgz#1edc459e0f0c548486ecf9fc99f2221364b9a0ae"
  integrity sha512-XnAIvQ8eM+kC6aULx6wuQiwVsnzsi9d3WxzV3FpWTGA19F621kwdbsAcFKXgKUHZWsy+mY6iL1sHTxWEFCytDA==
  dependencies:
    balanced-match "^1.0.0"

commondir@^1.0.1:
  version "1.0.1"
  resolved "https://registry.yarnpkg.com/commondir/-/commondir-1.0.1.tgz#ddd800da0c66127393cca5950ea968a3aaf1253b"
  integrity sha512-W9pAhw0ja1Edb5GVdIF1mjZw/ASI0AlShXM83UUGe2DVr5TdAPEA1OA8m/g8zWp9x6On7gqufY+FatDbC3MDQg==

csstype@^3.1.1:
  version "3.1.2"
  resolved "https://registry.yarnpkg.com/csstype/-/csstype-3.1.2.tgz#1d4bf9d572f11c14031f0436e1c10bc1f571f50b"
  integrity sha512-I7K1Uu0MBPzaFKg4nI5Q7Vs2t+3gWWW648spaF+Rg7pI9ds18Ugn+lvg4SHczUdKlHI5LWBXyqfS8+DufyBsgQ==

de-indent@^1.0.2:
  version "1.0.2"
  resolved "https://registry.yarnpkg.com/de-indent/-/de-indent-1.0.2.tgz#b2038e846dc33baa5796128d0804b455b8c1e21d"
  integrity sha512-e/1zu3xH5MQryN2zdVaF0OrdNLUbvWxzMbi+iNA6Bky7l1RoP8a2fIbRocyHclXt/arDrrR6lL3TqFD9pMQTsg==

debug@^4.3.3:
  version "4.3.4"
  resolved "https://registry.yarnpkg.com/debug/-/debug-4.3.4.tgz#1319f6579357f2338d3337d2cdd4914bb5dcc865"
  integrity sha512-PRWFHuSU3eDtQJPvnNY7Jcket1j0t5OuOsFzPPzsekD52Zl8qUfFIPEiswXqIvHWGVHOgX+7G/vCNNhehwxfkQ==
  dependencies:
    ms "2.1.2"

esbuild@^0.21.3:
  version "0.21.5"
  resolved "https://registry.yarnpkg.com/esbuild/-/esbuild-0.21.5.tgz#9ca301b120922959b766360d8ac830da0d02997d"
  integrity sha512-mg3OPMV4hXywwpoDxu3Qda5xCKQi+vCTZq8S9J/EpkhB2HzKXq4SNFZE3+NK93JYxc8VMSep+lOUSC/RVKaBqw==
  optionalDependencies:
    "@esbuild/aix-ppc64" "0.21.5"
    "@esbuild/android-arm" "0.21.5"
    "@esbuild/android-arm64" "0.21.5"
    "@esbuild/android-x64" "0.21.5"
    "@esbuild/darwin-arm64" "0.21.5"
    "@esbuild/darwin-x64" "0.21.5"
    "@esbuild/freebsd-arm64" "0.21.5"
    "@esbuild/freebsd-x64" "0.21.5"
    "@esbuild/linux-arm" "0.21.5"
    "@esbuild/linux-arm64" "0.21.5"
    "@esbuild/linux-ia32" "0.21.5"
    "@esbuild/linux-loong64" "0.21.5"
    "@esbuild/linux-mips64el" "0.21.5"
    "@esbuild/linux-ppc64" "0.21.5"
    "@esbuild/linux-riscv64" "0.21.5"
    "@esbuild/linux-s390x" "0.21.5"
    "@esbuild/linux-x64" "0.21.5"
    "@esbuild/netbsd-x64" "0.21.5"
    "@esbuild/openbsd-x64" "0.21.5"
    "@esbuild/sunos-x64" "0.21.5"
    "@esbuild/win32-arm64" "0.21.5"
    "@esbuild/win32-ia32" "0.21.5"
    "@esbuild/win32-x64" "0.21.5"

estree-walker@^2.0.2:
  version "2.0.2"
  resolved "https://registry.yarnpkg.com/estree-walker/-/estree-walker-2.0.2.tgz#52f010178c2a4c117a7757cfe942adb7d2da4cac"
  integrity sha512-Rfkk/Mp/DL7JVje3u18FxFujQlTNR2q6QfMSMB7AvCBx91NGj/ba3kCfza0f6dVDbw7YlRf/nDrn7pQrCCyQ/w==

find-cache-dir@^3.3.2:
  version "3.3.2"
  resolved "https://registry.yarnpkg.com/find-cache-dir/-/find-cache-dir-3.3.2.tgz#b30c5b6eff0730731aea9bbd9dbecbd80256d64b"
  integrity sha512-wXZV5emFEjrridIgED11OoUKLxiYjAcqot/NJdAkOhlJ+vGzwhOAfcG5OX1jP+S0PcjEn8bdMJv+g2jwQ3Onig==
  dependencies:
    commondir "^1.0.1"
    make-dir "^3.0.2"
    pkg-dir "^4.1.0"

find-up@^4.0.0:
  version "4.1.0"
  resolved "https://registry.yarnpkg.com/find-up/-/find-up-4.1.0.tgz#97afe7d6cdc0bc5928584b7c8d7b16e8a9aa5d19"
  integrity sha512-PpOwAdQ/YlXQ2vj8a3h8IipDuYRi3wceVQQGYWxNINccq40Anw7BlsEXCMbt1Zt+OLA6Fq9suIpIWD0OsnISlw==
  dependencies:
    locate-path "^5.0.0"
    path-exists "^4.0.0"

fsevents@~2.3.2:
  version "2.3.2"
  resolved "https://registry.yarnpkg.com/fsevents/-/fsevents-2.3.2.tgz#8a526f78b8fdf4623b709e0b975c52c24c02fd1a"
  integrity sha512-xiqMQR4xAeHTuB9uWm+fFRcIOgKBMiOBP+eXiyT7jsgVCq1bkVygt00oASowB7EdtpOHaaPgKt812P9ab+DDKA==

fsevents@~2.3.3:
  version "2.3.3"
  resolved "https://registry.yarnpkg.com/fsevents/-/fsevents-2.3.3.tgz#cac6407785d03675a2a5e1a5305c697b347d90d6"
  integrity sha512-5xoDfX+fL7faATnagmWPpbFtwh/R77WmMMqqHGS65C3vvB0YHrgF+B1YmZ3441tMj5n63k0212XNoJwzlhffQw==

he@^1.2.0:
  version "1.2.0"
  resolved "https://registry.yarnpkg.com/he/-/he-1.2.0.tgz#84ae65fa7eafb165fddb61566ae14baf05664f0f"
  integrity sha512-F/1DnUGPopORZi0ni+CvrCgHQ5FyEAHRLSApuYWMmrbSwoN2Mn/7k+Gl38gJnR7yyDZk6WLXwiGod1JOWNDKGw==

locate-path@^5.0.0:
  version "5.0.0"
  resolved "https://registry.yarnpkg.com/locate-path/-/locate-path-5.0.0.tgz#1afba396afd676a6d42504d0a67a3a7eb9f62aa0"
  integrity sha512-t7hw9pI+WvuwNJXwk5zVHpyhIqzg2qTlklJOf0mVxGSbe3Fp2VieZcduNYjaLDoy6p9uGpQEGWG87WpMKlNq8g==
  dependencies:
    p-locate "^4.1.0"

lru-cache@^6.0.0:
  version "6.0.0"
  resolved "https://registry.yarnpkg.com/lru-cache/-/lru-cache-6.0.0.tgz#6d6fe6570ebd96aaf90fcad1dafa3b2566db3a94"
  integrity sha512-Jo6dJ04CmSjuznwJSS3pUeWmd/H0ffTlkXXgwZi+eq1UCmqQwCh+eLsYOYCwY991i2Fah4h1BEMCx4qThGbsiA==
  dependencies:
    yallist "^4.0.0"

magic-string@^0.30.0:
  version "0.30.0"
  resolved "https://registry.yarnpkg.com/magic-string/-/magic-string-0.30.0.tgz#fd58a4748c5c4547338a424e90fa5dd17f4de529"
  integrity sha512-LA+31JYDJLs82r2ScLrlz1GjSgu66ZV518eyWT+S8VhyQn/JL0u9MeBOvQMGYiPk1DBiSN9DDMOcXvigJZaViQ==
  dependencies:
    "@jridgewell/sourcemap-codec" "^1.4.13"

make-dir@^3.0.2:
  version "3.1.0"
  resolved "https://registry.yarnpkg.com/make-dir/-/make-dir-3.1.0.tgz#415e967046b3a7f1d185277d84aa58203726a13f"
  integrity sha512-g3FeP20LNwhALb/6Cz6Dd4F2ngze0jz7tbzrD2wAV+o9FeNHe4rL+yK2md0J/fiSf1sa1ADhXqi5+oVwOM/eGw==
  dependencies:
    semver "^6.0.0"

minimatch@^9.0.0:
  version "9.0.2"
  resolved "https://registry.yarnpkg.com/minimatch/-/minimatch-9.0.2.tgz#397e387fff22f6795844d00badc903a3d5de7057"
  integrity sha512-PZOT9g5v2ojiTL7r1xF6plNHLtOeTpSlDI007As2NlA2aYBMfVom17yqa6QzhmDP8QOhn7LjHTg7DFCVSSa6yg==
  dependencies:
    brace-expansion "^2.0.1"

ms@2.1.2:
  version "2.1.2"
  resolved "https://registry.yarnpkg.com/ms/-/ms-2.1.2.tgz#d09d1f357b443f493382a8eb3ccd183872ae6009"
  integrity sha512-sGkPx+VjMtmA6MX27oA4FBFELFCZZ4S4XqeGOXCv68tT+jb3vk/RyaKWP0PTKyWtmLSM0b+adUTEvbs1PEaH2w==

muggle-string@^0.3.1:
  version "0.3.1"
  resolved "https://registry.yarnpkg.com/muggle-string/-/muggle-string-0.3.1.tgz#e524312eb1728c63dd0b2ac49e3282e6ed85963a"
  integrity sha512-ckmWDJjphvd/FvZawgygcUeQCxzvohjFO5RxTjj4eq8kw359gFF3E1brjfI+viLMxss5JrHTDRHZvu2/tuy0Qg==

nanoid@^3.3.11:
  version "3.3.11"
  resolved "https://registry.yarnpkg.com/nanoid/-/nanoid-3.3.11.tgz#4f4f112cefbe303202f2199838128936266d185b"
  integrity sha512-N8SpfPUnUp1bK+PMYW8qSWdl9U+wwNWI4QKxOYDy9JAro3WMX7p2OeVRF9v+347pnakNevPmiHhNmZ2HbFA76w==

p-limit@^2.2.0:
  version "2.3.0"
  resolved "https://registry.yarnpkg.com/p-limit/-/p-limit-2.3.0.tgz#3dd33c647a214fdfffd835933eb086da0dc21db1"
  integrity sha512-//88mFWSJx8lxCzwdAABTJL2MyWB12+eIY7MDL2SqLmAkeKU9qxRvWuSyTjm3FUmpBEMuFfckAIqEaVGUDxb6w==
  dependencies:
    p-try "^2.0.0"

p-locate@^4.1.0:
  version "4.1.0"
  resolved "https://registry.yarnpkg.com/p-locate/-/p-locate-4.1.0.tgz#a3428bb7088b3a60292f66919278b7c297ad4f07"
  integrity sha512-R79ZZ/0wAxKGu3oYMlz8jy/kbhsNrS7SKZ7PxEHBgJ5+F2mtFW2fK2cOtBh1cHYkQsbzFV7I+EoRKe6Yt0oK7A==
  dependencies:
    p-limit "^2.2.0"

p-try@^2.0.0:
  version "2.2.0"
  resolved "https://registry.yarnpkg.com/p-try/-/p-try-2.2.0.tgz#cb2868540e313d61de58fafbe35ce9004d5540e6"
  integrity sha512-R4nPAVTAU0B9D35/Gk3uJf/7XYbQcyohSKdvAxIRSNghFl4e71hVoGnBNQz9cWaXxO2I10KTC+3jMdvvoKw6dQ==

path-exists@^4.0.0:
  version "4.0.0"
  resolved "https://registry.yarnpkg.com/path-exists/-/path-exists-4.0.0.tgz#513bdbe2d3b95d7762e8c1137efa195c6c61b5b3"
  integrity sha512-ak9Qy5Q7jYb2Wwcey5Fpvg2KoAc/ZIhLSLOSBmRmygPsGwkVVt0fZa0qrtMz+m6tJTAHfZQ8FnmB4MG4LWy7/w==

picocolors@^1.1.1:
  version "1.1.1"
  resolved "https://registry.yarnpkg.com/picocolors/-/picocolors-1.1.1.tgz#3d321af3eab939b083c8f929a1d12cda81c26b6b"
  integrity sha512-xceH2snhtb5M9liqDsmEw56le376mTZkEX/jEb/RxNFyegNul7eNslCXP9FDj/Lcu0X8KEyMceP2ntpaHrDEVA==

pkg-dir@^4.1.0:
  version "4.2.0"
  resolved "https://registry.yarnpkg.com/pkg-dir/-/pkg-dir-4.2.0.tgz#f099133df7ede422e81d1d8448270eeb3e4261f3"
  integrity sha512-HRDzbaKjC+AOWVXxAU/x54COGeIv9eb+6CkDSQoNTt4XyWoIJvuPsXizxu/Fr23EiekbtZwmh1IcIG/l/a10GQ==
  dependencies:
    find-up "^4.0.0"

postcss@^8.1.10, postcss@^8.4.43:
  version "8.5.6"
  resolved "https://registry.yarnpkg.com/postcss/-/postcss-8.5.6.tgz#2825006615a619b4f62a9e7426cc120b349a8f3c"
  integrity sha512-3Ybi1tAuwAP9s0r1UQ2J4n5Y0G05bJkpUIO0/bI9MhwmD70S5aTWbXGBwxHrelT+XM1k6dM0pk+SwNkpTRN7Pg==
  dependencies:
    nanoid "^3.3.11"
    picocolors "^1.1.1"
    source-map-js "^1.2.1"

roboto-fontface@*:
  version "0.10.0"
  resolved "https://registry.yarnpkg.com/roboto-fontface/-/roboto-fontface-0.10.0.tgz#7eee40cfa18b1f7e4e605eaf1a2740afb6fd71b0"
  integrity sha512-OlwfYEgA2RdboZohpldlvJ1xngOins5d7ejqnIBWr9KaMxsnBqotpptRXTyfNRLnFpqzX6sTDt+X+a+6udnU8g==

rollup@^4.20.0:
  version "4.50.1"
  resolved "https://registry.yarnpkg.com/rollup/-/rollup-4.50.1.tgz#6f0717c34aacc65cc727eeaaaccc2afc4e4485fd"
  integrity sha512-78E9voJHwnXQMiQdiqswVLZwJIzdBKJ1GdI5Zx6XwoFKUIk09/sSrr+05QFzvYb8q6Y9pPV45zzDuYa3907TZA==
  dependencies:
    "@types/estree" "1.0.8"
  optionalDependencies:
    "@rollup/rollup-android-arm-eabi" "4.50.1"
    "@rollup/rollup-android-arm64" "4.50.1"
    "@rollup/rollup-darwin-arm64" "4.50.1"
    "@rollup/rollup-darwin-x64" "4.50.1"
    "@rollup/rollup-freebsd-arm64" "4.50.1"
    "@rollup/rollup-freebsd-x64" "4.50.1"
    "@rollup/rollup-linux-arm-gnueabihf" "4.50.1"
    "@rollup/rollup-linux-arm-musleabihf" "4.50.1"
    "@rollup/rollup-linux-arm64-gnu" "4.50.1"
    "@rollup/rollup-linux-arm64-musl" "4.50.1"
    "@rollup/rollup-linux-loongarch64-gnu" "4.50.1"
    "@rollup/rollup-linux-ppc64-gnu" "4.50.1"
    "@rollup/rollup-linux-riscv64-gnu" "4.50.1"
    "@rollup/rollup-linux-riscv64-musl" "4.50.1"
    "@rollup/rollup-linux-s390x-gnu" "4.50.1"
    "@rollup/rollup-linux-x64-gnu" "4.50.1"
    "@rollup/rollup-linux-x64-musl" "4.50.1"
    "@rollup/rollup-openharmony-arm64" "4.50.1"
    "@rollup/rollup-win32-arm64-msvc" "4.50.1"
    "@rollup/rollup-win32-ia32-msvc" "4.50.1"
    "@rollup/rollup-win32-x64-msvc" "4.50.1"
    fsevents "~2.3.2"

semver@^6.0.0:
  version "6.3.1"
  resolved "https://registry.yarnpkg.com/semver/-/semver-6.3.1.tgz#556d2ef8689146e46dcea4bfdd095f3434dffcb4"
  integrity sha512-BR7VvDCVHO+q2xBEWskxS6DJE1qRnb7DxzUrogb71CWoSficBxYsiAGd+Kl0mmq/MprG9yArRkyrQxTO6XjMzA==

semver@^7.3.8:
  version "7.5.4"
  resolved "https://registry.yarnpkg.com/semver/-/semver-7.5.4.tgz#483986ec4ed38e1c6c48c34894a9182dbff68a6e"
  integrity sha512-1bCSESV6Pv+i21Hvpxp3Dx+pSD8lIPt8uVjRrxAUt/nbswYc+tK6Y2btiULjd4+fnq15PX+nqQDC7Oft7WkwcA==
  dependencies:
    lru-cache "^6.0.0"

source-map-js@^1.0.2:
  version "1.0.2"
  resolved "https://registry.yarnpkg.com/source-map-js/-/source-map-js-1.0.2.tgz#adbc361d9c62df380125e7f161f71c826f1e490c"
  integrity sha512-R0XvVJ9WusLiqTCEiGCmICCMplcCkIwwR11mOSD9CR5u+IXYdiseeEuXCVAjS54zqwkLcPNnmU4OeJ6tUrWhDw==

source-map-js@^1.2.1:
  version "1.2.1"
  resolved "https://registry.yarnpkg.com/source-map-js/-/source-map-js-1.2.1.tgz#1ce5650fddd87abc099eda37dcff024c2667ae46"
  integrity sha512-UXWMKhLOwVKb728IUtQPXxfYU+usdybtUrK/8uGE8CQMvrhOpwvzDBwj0QhSL7MQc7vIsISBG8VQ8+IDQxpfQA==

to-fast-properties@^2.0.0:
  version "2.0.0"
  resolved "https://registry.yarnpkg.com/to-fast-properties/-/to-fast-properties-2.0.0.tgz#dc5e698cbd079265bc73e0377681a4e4e83f616e"
  integrity sha512-/OaKK0xYrs3DmxRYqL/yDc+FxFUVYhDlXMhRmv3z915w2HF1tnN1omB354j8VUGO/hbRzyD6Y3sA7v7GS/ceog==

typescript@^5.0.0:
  version "5.1.3"
  resolved "https://registry.yarnpkg.com/typescript/-/typescript-5.1.3.tgz#8d84219244a6b40b6fb2b33cc1c062f715b9e826"
  integrity sha512-XH627E9vkeqhlZFQuL+UsyAXEnibT0kWR2FWONlr4sTjvxyJYnyefgrkyECLzM5NenmKzRAy2rR/OlYLA1HkZw==

upath@^2.0.1:
  version "2.0.1"
  resolved "https://registry.yarnpkg.com/upath/-/upath-2.0.1.tgz#50c73dea68d6f6b990f51d279ce6081665d61a8b"
  integrity sha512-1uEe95xksV1O0CYKXo8vQvN1JEbtJp7lb7C5U9HMsIp6IVwntkH/oNUzyVNQSd4S1sYk2FpSSW44FqMc8qee5w==

vite-plugin-vuetify@^1.0.0:
  version "1.0.2"
  resolved "https://registry.yarnpkg.com/vite-plugin-vuetify/-/vite-plugin-vuetify-1.0.2.tgz#d1777c63aa1b3a308756461b3d0299fd101ee8f4"
  integrity sha512-MubIcKD33O8wtgQXlbEXE7ccTEpHZ8nPpe77y9Wy3my2MWw/PgehP9VqTp92BLqr0R1dSL970Lynvisx3UxBFw==
  dependencies:
    "@vuetify/loader-shared" "^1.7.1"
    debug "^4.3.3"
    upath "^2.0.1"

vite@^5.4.21:
  version "5.4.21"
  resolved "https://registry.yarnpkg.com/vite/-/vite-5.4.21.tgz#84a4f7c5d860b071676d39ba513c0d598fdc7027"
  integrity sha512-o5a9xKjbtuhY6Bi5S3+HvbRERmouabWbyUcpXXUA1u+GNUKoROi9byOJ8M0nHbHYHkYICiMlqxkg1KkYmm25Sw==
  dependencies:
    esbuild "^0.21.3"
    postcss "^8.4.43"
    rollup "^4.20.0"
  optionalDependencies:
    fsevents "~2.3.3"

vue-template-compiler@^2.7.14:
  version "2.7.14"
  resolved "https://registry.yarnpkg.com/vue-template-compiler/-/vue-template-compiler-2.7.14.tgz#4545b7dfb88090744c1577ae5ac3f964e61634b1"
  integrity sha512-zyA5Y3ArvVG0NacJDkkzJuPQDF8RFeRlzV2vLeSnhSpieO6LK2OVbdLPi5MPPs09Ii+gMO8nY4S3iKQxBxDmWQ==
  dependencies:
    de-indent "^1.0.2"
    he "^1.2.0"

vue-tsc@^1.2.0:
  version "1.8.1"
  resolved "https://registry.yarnpkg.com/vue-tsc/-/vue-tsc-1.8.1.tgz#cdbc83ad7d1c80eac82e01917a58bc57e2debed2"
  integrity sha512-GxBQrcb0Qvyrj1uZqnTXQyWbXdNDRY2MTa+r7ESgjhf+WzBSdxZfkS3KD/C3WhKYG+aN8hf44Hp5Gqzb6PehAA==
  dependencies:
    "@vue/language-core" "1.8.1"
    "@vue/typescript" "1.8.1"
    semver "^7.3.8"

vue@^3.2.0:
  version "3.3.4"
  resolved "https://registry.yarnpkg.com/vue/-/vue-3.3.4.tgz#8ed945d3873667df1d0fcf3b2463ada028f88bd6"
  integrity sha512-VTyEYn3yvIeY1Py0WaYGZsXnz3y5UnGi62GjVEqvEGPl6nxbOrCXbVOTQWBEJUqAyTUk2uJ5JLVnYJ6ZzGbrSw==
  dependencies:
    "@vue/compiler-dom" "3.3.4"
    "@vue/compiler-sfc" "3.3.4"
    "@vue/runtime-dom" "3.3.4"
    "@vue/server-renderer" "3.3.4"
    "@vue/shared" "3.3.4"

vuetify@^3.0.0:
  version "3.3.5"
  resolved "https://registry.yarnpkg.com/vuetify/-/vuetify-3.3.5.tgz#b927214d106122240e79f4d65e49bfec0e86e189"
  integrity sha512-vkfPgPmKfSJa+jq6Ov+CTg7L1t2jLPKa7Slef9OrVHcLqg+gLuIj0z4PJE6E9HjFTUbgZShShOGxps52REJRIA==

webfontloader@^1.0.0:
  version "1.6.28"
  resolved "https://registry.yarnpkg.com/webfontloader/-/webfontloader-1.6.28.tgz#db786129253cb6e8eae54c2fb05f870af6675bae"
  integrity sha512-Egb0oFEga6f+nSgasH3E0M405Pzn6y3/9tOVanv/DLfa1YBIgcv90L18YyWnvXkRbIM17v5Kv6IT2N6g1x5tvQ==

yallist@^4.0.0:
  version "4.0.0"
  resolved "https://registry.yarnpkg.com/yallist/-/yallist-4.0.0.tgz#9bb92790d9c0effec63be73519e11a35019a3a72"
  integrity sha512-3wdGidZyq5PB084XLES5TpOSRA3wjXAlIWMhum2kRcv/41Sn2emQ0dycQW4uZXLejwKvg6EsvbdlVL+FYEct7A==
